Microsoft Visual Studio Solution File, Format Version 12.00
# Visual Studio Version 17
VisualStudioVersion = 17.5.2.0
MinimumVisualStudioVersion = 10.0.40219.1
Project("{FAE04EC0-301F-11D3-BF4B-00C04F79EFBC}") = "mProjectLayout", "mProjectLayout.csproj", "{6EB2A5EF-E024-130B-6EDF-6873AB64A6E1}"
EndProject
Global
	GlobalSection(SolutionConfigurationPlatforms) = preSolution
		Debug|Any CPU = Debug|Any CPU
		Release|Any CPU = Release|Any CPU
	EndGlobalSection
	GlobalSection(ProjectConfigurationPlatforms) = postSolution
		{6EB2A5EF-E024-130B-6EDF-6873AB64A6E1}.Debug|Any CPU.ActiveCfg = Debug|Any CPU
		{6EB2A5EF-E024-130B-6EDF-6873AB64A6E1}.Debug|Any CPU.Build.0 = Debug|Any CPU
		{6EB2A5EF-E024-130B-6EDF-6873AB64A6E1}.Release|Any CPU.ActiveCfg = Release|Any CPU
		{6EB2A5EF-E024-130B-6EDF-6873AB64A6E1}.Release|Any CPU.Build.0 = Release|Any CPU
	EndGlobalSection
	GlobalSection(SolutionProperties) = preSolution
		HideSolutionNode = FALSE
	EndGlobalSection
	GlobalSection(ExtensibilityGlobals) = postSolution
		SolutionGuid = {D8781399-1598-4E72-81DD-850D65707285}
	EndGlobalSection
EndGlobal
